
Microsoft Visual Studio Solution File, Format Version 12.00
# Visual Studio 15
VisualStudioVersion = 15.0.26430.16
MinimumVisualStudioVersion = 10.0.40219.1
Project("{8BC9CEB8-8B4A-11D0-8D11-00A0C91BC942}") = "01", "01\01.vcxproj", "{A70E721A-6B00-4185-B805-3BFB40A90510}"
EndProject
Project("{8BC9CEB8-8B4A-11D0-8D11-00A0C91BC942}") = "02", "02\02.vcxproj", "{87E78C04-0E9D-4180-B095-ABE0FFA09F9F}"
EndProject
Project("{8BC9CEB8-8B4A-11D0-8D11-00A0C91BC942}") = "03", "03\03.vcxproj", "{9C1D7EA3-ED1C-496D-98C3-8ECCA8A00CA0}"
EndProject
Project("{8BC9CEB8-8B4A-11D0-8D11-00A0C91BC942}") = "04", "04\04.vcxproj", "{BA8926F3-0B9B-4183-B643-79C66D6F4375}"
EndProject
Project("{8BC9CEB8-8B4A-11D0-8D11-00A0C91BC942}") = "05", "05\05.vcxproj", "{1E1EFE4A-31A8-4839-97C7-DB1621C88549}"
EndProject
Project("{8BC9CEB8-8B4A-11D0-8D11-00A0C91BC942}") = "06", "06\06.vcxproj", "{C99E9F3E-0BFB-4EC8-8E27-5F3FCE70D8FC}"
EndProject
Project("{8BC9CEB8-8B4A-11D0-8D11-00A0C91BC942}") = "07", "07\07.vcxproj", "{F58D7474-829C-4C10-BD5F-0BEFE169AF4B}"
EndProject
Global
	GlobalSection(SolutionConfigurationPlatforms) = preSolution
		Debug|x64 = Debug|x64
		Debug|x86 = Debug|x86
		Release|x64 = Release|x64
		Release|x86 = Release|x86
	EndGlobalSection
	GlobalSection(ProjectConfigurationPlatforms) = postSolution
		{A70E721A-6B00-4185-B805-3BFB40A90510}.Debug|x64.ActiveCfg = Debug|x64
		{A70E721A-6B00-4185-B805-3BFB40A90510}.Debug|x64.Build.0 = Debug|x64
		{A70E721A-6B00-4185-B805-3BFB40A90510}.Debug|x86.ActiveCfg = Debug|Win32
		{A70E721A-6B00-4185-B805-3BFB40A90510}.Debug|x86.Build.0 = Debug|Win32
		{A70E721A-6B00-4185-B805-3BFB40A90510}.Release|x64.ActiveCfg = Release|x64
		{A70E721A-6B00-4185-B805-3BFB40A90510}.Release|x64.Build.0 = Release|x64
		{A70E721A-6B00-4185-B805-3BFB40A90510}.Release|x86.ActiveCfg = Release|Win32
		{A70E721A-6B00-4185-B805-3BFB40A90510}.Release|x86.Build.0 = Release|Win32
		{87E78C04-0E9D-4180-B095-ABE0FFA09F9F}.Debug|x64.ActiveCfg = Debug|x64
		{87E78C04-0E9D-4180-B095-ABE0FFA09F9F}.Debug|x64.Build.0 = Debug|x64
		{87E78C04-0E9D-4180-B095-ABE0FFA09F9F}.Debug|x86.ActiveCfg = Debug|Win32
		{87E78C04-0E9D-4180-B095-ABE0FFA09F9F}.Debug|x86.Build.0 = Debug|Win32
		{87E78C04-0E9D-4180-B095-ABE0FFA09F9F}.Release|x64.ActiveCfg = Release|x64
		{87E78C04-0E9D-4180-B095-ABE0FFA09F9F}.Release|x64.Build.0 = Release|x64
		{87E78C04-0E9D-4180-B095-ABE0FFA09F9F}.Release|x86.ActiveCfg = Release|Win32
		{87E78C04-0E9D-4180-B095-ABE0FFA09F9F}.Release|x86.Build.0 = Release|Win32
		{9C1D7EA3-ED1C-496D-98C3-8ECCA8A00CA0}.Debug|x64.ActiveCfg = Debug|x64
		{9C1D7EA3-ED1C-496D-98C3-8ECCA8A00CA0}.Debug|x64.Build.0 = Debug|x64
		{9C1D7EA3-ED1C-496D-98C3-8ECCA8A00CA0}.Debug|x86.ActiveCfg = Debug|Win32
		{9C1D7EA3-ED1C-496D-98C3-8ECCA8A00CA0}.Debug|x86.Build.0 = Debug|Win32
		{9C1D7EA3-ED1C-496D-98C3-8ECCA8A00CA0}.Release|x64.ActiveCfg = Release|x64
		{9C1D7EA3-ED1C-496D-98C3-8ECCA8A00CA0}.Release|x64.Build.0 = Release|x64
		{9C1D7EA3-ED1C-496D-98C3-8ECCA8A00CA0}.Release|x86.ActiveCfg = Release|Win32
		{9C1D7EA3-ED1C-496D-98C3-8ECCA8A00CA0}.Release|x86.Build.0 = Release|Win32
		{BA8926F3-0B9B-4183-B643-79C66D6F4375}.Debug|x64.ActiveCfg = Debug|x64
		{BA8926F3-0B9B-4183-B643-79C66D6F4375}.Debug|x64.Build.0 = Debug|x64
		{BA8926F3-0B9B-4183-B643-79C66D6F4375}.Debug|x86.ActiveCfg = Debug|Win32
		{BA8926F3-0B9B-4183-B643-79C66D6F4375}.Debug|x86.Build.0 = Debug|Win32
		{BA8926F3-0B9B-4183-B643-79C66D6F4375}.Release|x64.ActiveCfg = Release|x64
		{BA8926F3-0B9B-4183-B643-79C66D6F4375}.Release|x64.Build.0 = Release|x64
		{BA8926F3-0B9B-4183-B643-79C66D6F4375}.Release|x86.ActiveCfg = Release|Win32
		{BA8926F3-0B9B-4183-B643-79C66D6F4375}.Release|x86.Build.0 = Release|Win32
		{1E1EFE4A-31A8-4839-97C7-DB1621C88549}.Debug|x64.ActiveCfg = Debug|x64
		{1E1EFE4A-31A8-4839-97C7-DB1621C88549}.Debug|x64.Build.0 = Debug|x64
		{1E1EFE4A-31A8-4839-97C7-DB1621C88549}.Debug|x86.ActiveCfg = Debug|Win32
		{1E1EFE4A-31A8-4839-97C7-DB1621C88549}.Debug|x86.Build.0 = Debug|Win32
		{1E1EFE4A-31A8-4839-97C7-DB1621C88549}.Release|x64.ActiveCfg = Release|x64
		{1E1EFE4A-31A8-4839-97C7-DB1621C88549}.Release|x64.Build.0 = Release|x64
		{1E1EFE4A-31A8-4839-97C7-DB1621C88549}.Release|x86.ActiveCfg = Release|Win32
		{1E1EFE4A-31A8-4839-97C7-DB1621C88549}.Release|x86.Build.0 = Release|Win32
		{C99E9F3E-0BFB-4EC8-8E27-5F3FCE70D8FC}.Debug|x64.ActiveCfg = Debug|x64
		{C99E9F3E-0BFB-4EC8-8E27-5F3FCE70D8FC}.Debug|x64.Build.0 = Debug|x64
		{C99E9F3E-0BFB-4EC8-8E27-5F3FCE70D8FC}.Debug|x86.ActiveCfg = Debug|Win32
		{C99E9F3E-0BFB-4EC8-8E27-5F3FCE70D8FC}.Debug|x86.Build.0 = Debug|Win32
		{C99E9F3E-0BFB-4EC8-8E27-5F3FCE70D8FC}.Release|x64.ActiveCfg = Release|x64
		{C99E9F3E-0BFB-4EC8-8E27-5F3FCE70D8FC}.Release|x64.Build.0 = Release|x64
		{C99E9F3E-0BFB-4EC8-8E27-5F3FCE70D8FC}.Release|x86.ActiveCfg = Release|Win32
		{C99E9F3E-0BFB-4EC8-8E27-5F3FCE70D8FC}.Release|x86.Build.0 = Release|Win32
		{F58D7474-829C-4C10-BD5F-0BEFE169AF4B}.Debug|x64.ActiveCfg = Debug|x64
		{F58D7474-829C-4C10-BD5F-0BEFE169AF4B}.Debug|x64.Build.0 = Debug|x64
		{F58D7474-829C-4C10-BD5F-0BEFE169AF4B}.Debug|x86.ActiveCfg = Debug|Win32
		{F58D7474-829C-4C10-BD5F-0BEFE169AF4B}.Debug|x86.Build.0 = Debug|Win32
		{F58D7474-829C-4C10-BD5F-0BEFE169AF4B}.Release|x64.ActiveCfg = Release|x64
		{F58D7474-829C-4C10-BD5F-0BEFE169AF4B}.Release|x64.Build.0 = Release|x64
		{F58D7474-829C-4C10-BD5F-0BEFE169AF4B}.Release|x86.ActiveCfg = Release|Win32
		{F58D7474-829C-4C10-BD5F-0BEFE169AF4B}.Release|x86.Build.0 = Release|Win32
	EndGlobalSection
	GlobalSection(SolutionProperties) = preSolution
		HideSolutionNode = FALSE
	EndGlobalSection
	GlobalSection(ExtensibilityGlobals) = postSolution
		SolutionGuid = {A2B1C00A-14A2-4234-A28E-6E40B7E0C044}
	EndGlobalSection
EndGlobal
