<?xml version="1.0" encoding="utf-8"?>
<Project ToolsVersion="4.0" xmlns="http://schemas.microsoft.com/developer/msbuild/2003">
  <ItemGroup>
    <Filter Include="1. Simple HashMap">
      <UniqueIdentifier>{901ca759-cb50-4607-b9a0-ff26b95f77ed}</UniqueIdentifier>
    </Filter>
    <Filter Include="2. Lambda Expressions">
      <UniqueIdentifier>{dd2303c3-a6d4-40c8-8631-4fd290e8f84b}</UniqueIdentifier>
    </Filter>
    <Filter Include="3. Variadic template function">
      <UniqueIdentifier>{c5bac0ac-fade-4aaf-8ded-9bcecba8e05a}</UniqueIdentifier>
    </Filter>
  </ItemGroup>
  <ItemGroup>
    <ClCompile Include="main.cpp" />
    <ClCompile Include="SimpleHashMap.cpp">
      <Filter>1. Simple HashMap</Filter>
    </ClCompile>
    <ClCompile Include="Node.cpp">
      <Filter>1. Simple HashMap</Filter>
    </ClCompile>
    <ClCompile Include="SimpleHashMapExample.cpp">
      <Filter>1. Simple HashMap</Filter>
    </ClCompile>
    <ClCompile Include="LambdaExpressionsExample.cpp">
      <Filter>2. Lambda Expressions</Filter>
    </ClCompile>
    <ClCompile Include="VariadicTemplateFunctionExample.cpp">
      <Filter>3. Variadic template function</Filter>
    </ClCompile>
    <ClCompile Include="Bar.cpp">
      <Filter>3. Variadic template function</Filter>
    </ClCompile>
    <ClCompile Include="Foo.cpp">
      <Filter>3. Variadic template function</Filter>
    </ClCompile>
  </ItemGroup>
  <ItemGroup>
    <ClInclude Include="SimpleData.h">
      <Filter>1. Simple HashMap</Filter>
    </ClInclude>
    <ClInclude Include="SimpleHashMap.h">
      <Filter>1. Simple HashMap</Filter>
    </ClInclude>
    <ClInclude Include="Node.h">
      <Filter>1. Simple HashMap</Filter>
    </ClInclude>
    <ClInclude Include="SimpleHashMapExample.h">
      <Filter>1. Simple HashMap</Filter>
    </ClInclude>
    <ClInclude Include="LambdaExpressionsExample.h">
      <Filter>2. Lambda Expressions</Filter>
    </ClInclude>
    <ClInclude Include="VariadicTemplateFunctionExample.h">
      <Filter>3. Variadic template function</Filter>
    </ClInclude>
    <ClInclude Include="Bar.h">
      <Filter>3. Variadic template function</Filter>
    </ClInclude>
    <ClInclude Include="Foo.h">
      <Filter>3. Variadic template function</Filter>
    </ClInclude>
  </ItemGroup>
</Project>